
Microsoft Visual Studio Solution File, Format Version 12.00
# Visual Studio 15
VisualStudioVersion = 15.0.27428.2037
MinimumVisualStudioVersion = 10.0.40219.1
Project("{FAE04EC0-301F-11D3-BF4B-00C04F79EFBC}") = "FilesCount", "FilesCount\FilesCount.csproj", "{B9387BA6-E41A-4664-8213-388E43449CA5}"
EndProject
Project("{FAE04EC0-301F-11D3-BF4B-00C04F79EFBC}") = "FastestEnumerator", "FastestEnumerator\FastestEnumerator.csproj", "{960F4312-4EC9-423F-93AB-38EE9CBC2EE5}"
EndProject
Global
	GlobalSection(SolutionConfigurationPlatforms) = preSolution
		Debug|Any CPU = Debug|Any CPU
		Release|Any CPU = Release|Any CPU
	EndGlobalSection
	GlobalSection(ProjectConfigurationPlatforms) = postSolution
		{B9387BA6-E41A-4664-8213-388E43449CA5}.Debug|Any CPU.ActiveCfg = Debug|Any CPU
		{B9387BA6-E41A-4664-8213-388E43449CA5}.Debug|Any CPU.Build.0 = Debug|Any CPU
		{B9387BA6-E41A-4664-8213-388E43449CA5}.Release|Any CPU.ActiveCfg = Release|Any CPU
		{B9387BA6-E41A-4664-8213-388E43449CA5}.Release|Any CPU.Build.0 = Release|Any CPU
		{960F4312-4EC9-423F-93AB-38EE9CBC2EE5}.Debug|Any CPU.ActiveCfg = Debug|Any CPU
		{960F4312-4EC9-423F-93AB-38EE9CBC2EE5}.Debug|Any CPU.Build.0 = Debug|Any CPU
		{960F4312-4EC9-423F-93AB-38EE9CBC2EE5}.Release|Any CPU.ActiveCfg = Release|Any CPU
		{960F4312-4EC9-423F-93AB-38EE9CBC2EE5}.Release|Any CPU.Build.0 = Release|Any CPU
	EndGlobalSection
	GlobalSection(SolutionProperties) = preSolution
		HideSolutionNode = FALSE
	EndGlobalSection
	GlobalSection(ExtensibilityGlobals) = postSolution
		SolutionGuid = {A37B5BB5-72CE-473D-B438-3444EE604404}
	EndGlobalSection
EndGlobal
